
Microsoft Visual Studio Solution File, Format Version 12.00
# Visual Studio 14
VisualStudioVersion = 14.0.25420.1
MinimumVisualStudioVersion = 10.0.40219.1
Project("{FAE04EC0-301F-11D3-BF4B-00C04F79EFBC}") = "FunctionalExtentions.Core", "FunctionalExtentions\FunctionalExtentions.Core.csproj", "{98C6124C-D894-47B3-BD6A-7DA401A5603F}"
EndProject
Project("{FAE04EC0-301F-11D3-BF4B-00C04F79EFBC}") = "FunctionalExtentions.Abstract", "FunctionalExtentions.Abstract\FunctionalExtentions.Abstract.csproj", "{0989D485-D6AE-4049-912F-6CE2E83012E7}"
EndProject
Project("{FAE04EC0-301F-11D3-BF4B-00C04F79EFBC}") = "FunctionalExtentions.Tests", "FunctionalExtentions.Tests\FunctionalExtentions.Tests.csproj", "{4AD9C438-A4ED-4C1F-8C9C-6C5110F4F36E}"
EndProject
Project("{FAE04EC0-301F-11D3-BF4B-00C04F79EFBC}") = "TestApp", "TestApp\TestApp.csproj", "{2CD025B4-F47E-4309-8CCF-17B0E001C227}"
EndProject
Global
	GlobalSection(SolutionConfigurationPlatforms) = preSolution
		Debug|Any CPU = Debug|Any CPU
		Release|Any CPU = Release|Any CPU
	EndGlobalSection
	GlobalSection(ProjectConfigurationPlatforms) = postSolution
		{98C6124C-D894-47B3-BD6A-7DA401A5603F}.Debug|Any CPU.ActiveCfg = Debug|Any CPU
		{98C6124C-D894-47B3-BD6A-7DA401A5603F}.Debug|Any CPU.Build.0 = Debug|Any CPU
		{98C6124C-D894-47B3-BD6A-7DA401A5603F}.Release|Any CPU.ActiveCfg = Release|Any CPU
		{98C6124C-D894-47B3-BD6A-7DA401A5603F}.Release|Any CPU.Build.0 = Release|Any CPU
		{0989D485-D6AE-4049-912F-6CE2E83012E7}.Debug|Any CPU.ActiveCfg = Debug|Any CPU
		{0989D485-D6AE-4049-912F-6CE2E83012E7}.Debug|Any CPU.Build.0 = Debug|Any CPU
		{0989D485-D6AE-4049-912F-6CE2E83012E7}.Release|Any CPU.ActiveCfg = Release|Any CPU
		{0989D485-D6AE-4049-912F-6CE2E83012E7}.Release|Any CPU.Build.0 = Release|Any CPU
		{4AD9C438-A4ED-4C1F-8C9C-6C5110F4F36E}.Debug|Any CPU.ActiveCfg = Debug|Any CPU
		{4AD9C438-A4ED-4C1F-8C9C-6C5110F4F36E}.Debug|Any CPU.Build.0 = Debug|Any CPU
		{4AD9C438-A4ED-4C1F-8C9C-6C5110F4F36E}.Release|Any CPU.ActiveCfg = Release|Any CPU
		{4AD9C438-A4ED-4C1F-8C9C-6C5110F4F36E}.Release|Any CPU.Build.0 = Release|Any CPU
		{2CD025B4-F47E-4309-8CCF-17B0E001C227}.Debug|Any CPU.ActiveCfg = Debug|Any CPU
		{2CD025B4-F47E-4309-8CCF-17B0E001C227}.Debug|Any CPU.Build.0 = Debug|Any CPU
		{2CD025B4-F47E-4309-8CCF-17B0E001C227}.Release|Any CPU.ActiveCfg = Release|Any CPU
		{2CD025B4-F47E-4309-8CCF-17B0E001C227}.Release|Any CPU.Build.0 = Release|Any CPU
	EndGlobalSection
	GlobalSection(SolutionProperties) = preSolution
		HideSolutionNode = FALSE
	EndGlobalSection
EndGlobal
